
Microsoft Visual Studio Solution File, Format Version 12.00
# Visual Studio 15
VisualStudioVersion = 15.0.27428.2015
MinimumVisualStudioVersion = 10.0.40219.1
Project("{9092AA53-FB77-4645-B42D-1CCCA6BD08BD}") = "FromExistingCode2", "FromExistingCode1\FromExistingCode2.njsproj", "{49FA9413-3D0C-4595-8D0C-EBC8B67F15D4}"
EndProject
Global
	GlobalSection(SolutionConfigurationPlatforms) = preSolution
		Debug|Any CPU = Debug|Any CPU
		Release|Any CPU = Release|Any CPU
	EndGlobalSection
	GlobalSection(ProjectConfigurationPlatforms) = postSolution
		{49FA9413-3D0C-4595-8D0C-EBC8B67F15D4}.Debug|Any CPU.ActiveCfg = Debug|Any CPU
		{49FA9413-3D0C-4595-8D0C-EBC8B67F15D4}.Debug|Any CPU.Build.0 = Debug|Any CPU
		{49FA9413-3D0C-4595-8D0C-EBC8B67F15D4}.Release|Any CPU.ActiveCfg = Release|Any CPU
		{49FA9413-3D0C-4595-8D0C-EBC8B67F15D4}.Release|Any CPU.Build.0 = Release|Any CPU
	EndGlobalSection
	GlobalSection(SolutionProperties) = preSolution
		HideSolutionNode = FALSE
	EndGlobalSection
	GlobalSection(ExtensibilityGlobals) = postSolution
		SolutionGuid = {4A35AEA1-1C91-4FF5-BAD1-4C54A67C0159}
	EndGlobalSection
EndGlobal
